// !$*UTF8*$!
{
	archiveVersion = 1;
	classes = {
	};
	objectVersion = 56;
	objects = {

/* Begin PBXBuildFile section */
		30657A5D2C51065A007A1320 /* AppDelegate.swift in Sources */ = {isa = PBXBuildFile; fileRef = 30657A5C2C51065A007A1320 /* AppDelegate.swift */; };
		30657A5F2C51065A007A1320 /* SceneDelegate.swift in Sources */ = {isa = PBXBuildFile; fileRef = 30657A5E2C51065A007A1320 /* SceneDelegate.swift */; };
		30657A612C51065A007A1320 /* ViewController.swift in Sources */ = {isa = PBXBuildFile; fileRef = 30657A602C51065A007A1320 /* ViewController.swift */; };
		30657A642C51065A007A1320 /* Base in Resources */ = {isa = PBXBuildFile; fileRef = 30657A632C51065A007A1320 /* Base */; };
		30657A662C51065B007A1320 /* Assets.xcassets in Resources */ = {isa = PBXBuildFile; fileRef = 30657A652C51065B007A1320 /* Assets.xcassets */; };
		30657A692C51065B007A1320 /* Base in Resources */ = {isa = PBXBuildFile; fileRef = 30657A682C51065B007A1320 /* Base */; };
		30657A742C51065B007A1320 /* Oziq_Ovqat_RetseptlariTests.swift in Sources */ = {isa = PBXBuildFile; fileRef = 30657A732C51065B007A1320 /* Oziq_Ovqat_RetseptlariTests.swift */; };
		30657A7E2C51065B007A1320 /* Oziq_Ovqat_RetseptlariUITests.swift in Sources */ = {isa = PBXBuildFile; fileRef = 30657A7D2C51065B007A1320 /* Oziq_Ovqat_RetseptlariUITests.swift */; };
		30657A802C51065B007A1320 /* Oziq_Ovqat_RetseptlariUITestsLaunchTests.swift in Sources */ = {isa = PBXBuildFile; fileRef = 30657A7F2C51065B007A1320 /* Oziq_Ovqat_RetseptlariUITestsLaunchTests.swift */; };
/* End PBXBuildFile section */

/* Begin PBXContainerItemProxy section */
		30657A702C51065B007A1320 /* PBXContainerItemProxy */ = {
			isa = PBXContainerItemProxy;
			containerPortal = 30657A512C51065A007A1320 /* Project object */;
			proxyType = 1;
			remoteGlobalIDString = 30657A582C51065A007A1320;
			remoteInfo = "Oziq-Ovqat Retseptlari";
		};
		30657A7A2C51065B007A1320 /* PBXContainerItemProxy */ = {
			isa = PBXContainerItemProxy;
			containerPortal = 30657A512C51065A007A1320 /* Project object */;
			proxyType = 1;
			remoteGlobalIDString = 30657A582C51065A007A1320;
			remoteInfo = "Oziq-Ovqat Retseptlari";
		};
/* End PBXContainerItemProxy section */

/* Begin PBXFileReference section */
		30657A592C51065A007A1320 /* Oziq-Ovqat Retseptlari.app */ = {isa = PBXFileReference; explicitFileType = wrapper.application; includeInIndex = 0; path = "Oziq-Ovqat Retseptlari.app"; sourceTree = BUILT_PRODUCTS_DIR; };
		30657A5C2C51065A007A1320 /* AppDelegate.swift */ = {isa = PBXFileReference; lastKnownFileType = sourcecode.swift; path = AppDelegate.swift; sourceTree = "<group>"; };
		30657A5E2C51065A007A1320 /* SceneDelegate.swift */ = {isa = PBXFileReference; lastKnownFileType = sourcecode.swift; path = SceneDelegate.swift; sourceTree = "<group>"; };
		30657A602C51065A007A1320 /* ViewController.swift */ = {isa = PBXFileReference; lastKnownFileType = sourcecode.swift; path = ViewController.swift; sourceTree = "<group>"; };
		30657A632C51065A007A1320 /* Base */ = {isa = PBXFileReference; lastKnownFileType = file.storyboard; name = Base; path = Base.lproj/Main.storyboard; sourceTree = "<group>"; };
		30657A652C51065B007A1320 /* Assets.xcassets */ = {isa = PBXFileReference; lastKnownFileType = folder.assetcatalog; path = Assets.xcassets; sourceTree = "<group>"; };
		30657A682C51065B007A1320 /* Base */ = {isa = PBXFileReference; lastKnownFileType = file.storyboard; name = Base; path = Base.lproj/LaunchScreen.storyboard; sourceTree = "<group>"; };
		30657A6A2C51065B007A1320 /* Info.plist */ = {isa = PBXFileReference; lastKnownFileType = text.plist.xml; path = Info.plist; sourceTree = "<group>"; };
		30657A6F2C51065B007A1320 /* Oziq-Ovqat RetseptlariTests.xctest */ = {isa = PBXFileReference; explicitFileType = wrapper.cfbundle; includeInIndex = 0; path = "Oziq-Ovqat RetseptlariTests.xctest"; sourceTree = BUILT_PRODUCTS_DIR; };
		30657A732C51065B007A1320 /* Oziq_Ovqat_RetseptlariTests.swift */ = {isa = PBXFileReference; lastKnownFileType = sourcecode.swift; path = Oziq_Ovqat_RetseptlariTests.swift; sourceTree = "<group>"; };
		30657A792C51065B007A1320 /* Oziq-Ovqat RetseptlariUITests.xctest */ = {isa = PBXFileReference; explicitFileType = wrapper.cfbundle; includeInIndex = 0; path = "Oziq-Ovqat RetseptlariUITests.xctest"; sourceTree = BUILT_PRODUCTS_DIR; };
		30657A7D2C51065B007A1320 /* Oziq_Ovqat_RetseptlariUITests.swift */ = {isa = PBXFileReference; lastKnownFileType = sourcecode.swift; path = Oziq_Ovqat_RetseptlariUITests.swift; sourceTree = "<group>"; };
		30657A7F2C51065B007A1320 /* Oziq_Ovqat_RetseptlariUITestsLaunchTests.swift */ = {isa = PBXFileReference; lastKnownFileType = sourcecode.swift; path = Oziq_Ovqat_RetseptlariUITestsLaunchTests.swift; sourceTree = "<group>"; };
/* End PBXFileReference section */

/* Begin PBXFrameworksBuildPhase section */
		30657A562C51065A007A1320 /* Frameworks */ = {
			isa = PBXFrameworksBuildPhase;
			buildActionMask = 2147483647;
			files = (
			);
			runOnlyForDeploymentPostprocessing = 0;
		};
		30657A6C2C51065B007A1320 /* Frameworks */ = {
			isa = PBXFrameworksBuildPhase;
			buildActionMask = 2147483647;
			files = (
			);
			runOnlyForDeploymentPostprocessing = 0;
		};
		30657A762C51065B007A1320 /* Frameworks */ = {
			isa = PBXFrameworksBuildPhase;
			buildActionMask = 2147483647;
			files = (
			);
			runOnlyForDeploymentPostprocessing = 0;
		};
/* End PBXFrameworksBuildPhase section */

/* Begin PBXGroup section */
		30657A502C51065A007A1320 = {
			isa = PBXGroup;
			children = (
				30657A5B2C51065A007A1320 /* Oziq-Ovqat Retseptlari */,
				30657A722C51065B007A1320 /* Oziq-Ovqat RetseptlariTests */,
				30657A7C2C51065B007A1320 /* Oziq-Ovqat RetseptlariUITests */,
				30657A5A2C51065A007A1320 /* Products */,
			);
			sourceTree = "<group>";
		};
		30657A5A2C51065A007A1320 /* Products */ = {
			isa = PBXGroup;
			children = (
				30657A592C51065A007A1320 /* Oziq-Ovqat Retseptlari.app */,
				30657A6F2C51065B007A1320 /* Oziq-Ovqat RetseptlariTests.xctest */,
				30657A792C51065B007A1320 /* Oziq-Ovqat RetseptlariUITests.xctest */,
			);
			name = Products;
			sourceTree = "<group>";
		};
		30657A5B2C51065A007A1320 /* Oziq-Ovqat Retseptlari */ = {
			isa = PBXGroup;
			children = (
				30657A5C2C51065A007A1320 /* AppDelegate.swift */,
				30657A5E2C51065A007A1320 /* SceneDelegate.swift */,
				30657A602C51065A007A1320 /* ViewController.swift */,
				30657A622C51065A007A1320 /* Main.storyboard */,
				30657A652C51065B007A1320 /* Assets.xcassets */,
				30657A672C51065B007A1320 /* LaunchScreen.storyboard */,
				30657A6A2C51065B007A1320 /* Info.plist */,
			);
			path = "Oziq-Ovqat Retseptlari";
			sourceTree = "<group>";
		};
		30657A722C51065B007A1320 /* Oziq-Ovqat RetseptlariTests */ = {
			isa = PBXGroup;
			children = (
				30657A732C51065B007A1320 /* Oziq_Ovqat_RetseptlariTests.swift */,
			);
			path = "Oziq-Ovqat RetseptlariTests";
			sourceTree = "<group>";
		};
		30657A7C2C51065B007A1320 /* Oziq-Ovqat RetseptlariUITests */ = {
			isa = PBXGroup;
			children = (
				30657A7D2C51065B007A1320 /* Oziq_Ovqat_RetseptlariUITests.swift */,
				30657A7F2C51065B007A1320 /* Oziq_Ovqat_RetseptlariUITestsLaunchTests.swift */,
			);
			path = "Oziq-Ovqat RetseptlariUITests";
			sourceTree = "<group>";
		};
/* End PBXGroup section */

/* Begin PBXNativeTarget section */
		30657A582C51065A007A1320 /* Oziq-Ovqat Retseptlari */ = {
			isa = PBXNativeTarget;
			buildConfigurationList = 30657A832C51065C007A1320 /* Build configuration list for PBXNativeTarget "Oziq-Ovqat Retseptlari" */;
			buildPhases = (
				30657A552C51065A007A1320 /* Sources */,
				30657A562C51065A007A1320 /* Frameworks */,
				30657A572C51065A007A1320 /* Resources */,
			);
			buildRules = (
			);
			dependencies = (
			);
			name = "Oziq-Ovqat Retseptlari";
			productName = "Oziq-Ovqat Retseptlari";
			productReference = 30657A592C51065A007A1320 /* Oziq-Ovqat Retseptlari.app */;
			productType = "com.apple.product-type.application";
		};
		30657A6E2C51065B007A1320 /* Oziq-Ovqat RetseptlariTests */ = {
			isa = PBXNativeTarget;
			buildConfigurationList = 30657A862C51065C007A1320 /* Build configuration list for PBXNativeTarget "Oziq-Ovqat RetseptlariTests" */;
			buildPhases = (
				30657A6B2C51065B007A1320 /* Sources */,
				30657A6C2C51065B007A1320 /* Frameworks */,
				30657A6D2C51065B007A1320 /* Resources */,
			);
			buildRules = (
			);
			dependencies = (
				30657A712C51065B007A1320 /* PBXTargetDependency */,
			);
			name = "Oziq-Ovqat RetseptlariTests";
			productName = "Oziq-Ovqat RetseptlariTests";
			productReference = 30657A6F2C51065B007A1320 /* Oziq-Ovqat RetseptlariTests.xctest */;
			productType = "com.apple.product-type.bundle.unit-test";
		};
		30657A782C51065B007A1320 /* Oziq-Ovqat RetseptlariUITests */ = {
			isa = PBXNativeTarget;
			buildConfigurationList = 30657A892C51065C007A1320 /* Build configuration list for PBXNativeTarget "Oziq-Ovqat RetseptlariUITests" */;
			buildPhases = (
				30657A752C51065B007A1320 /* Sources */,
				30657A762C51065B007A1320 /* Frameworks */,
				30657A772C51065B007A1320 /* Resources */,
			);
			buildRules = (
			);
			dependencies = (
				30657A7B2C51065B007A1320 /* PBXTargetDependency */,
			);
			name = "Oziq-Ovqat RetseptlariUITests";
			productName = "Oziq-Ovqat RetseptlariUITests";
			productReference = 30657A792C51065B007A1320 /* Oziq-Ovqat RetseptlariUITests.xctest */;
			productType = "com.apple.product-type.bundle.ui-testing";
		};
/* End PBXNativeTarget section */

/* Begin PBXProject section */
		30657A512C51065A007A1320 /* Project object */ = {
			isa = PBXProject;
			attributes = {
				BuildIndependentTargetsInParallel = 1;
				LastSwiftUpdateCheck = 1540;
				LastUpgradeCheck = 1540;
				TargetAttributes = {
					30657A582C51065A007A1320 = {
						CreatedOnToolsVersion = 15.4;
					};
					30657A6E2C51065B007A1320 = {
						CreatedOnToolsVersion = 15.4;
						TestTargetID = 30657A582C51065A007A1320;
					};
					30657A782C51065B007A1320 = {
						CreatedOnToolsVersion = 15.4;
						TestTargetID = 30657A582C51065A007A1320;
					};
				};
			};
			buildConfigurationList = 30657A542C51065A007A1320 /* Build configuration list for PBXProject "Oziq-Ovqat Retseptlari" */;
			compatibilityVersion = "Xcode 14.0";
			developmentRegion = en;
			hasScannedForEncodings = 0;
			knownRegions = (
				en,
				Base,
			);
			mainGroup = 30657A502C51065A007A1320;
			productRefGroup = 30657A5A2C51065A007A1320 /* Products */;
			projectDirPath = "";
			projectRoot = "";
			targets = (
				30657A582C51065A007A1320 /* Oziq-Ovqat Retseptlari */,
				30657A6E2C51065B007A1320 /* Oziq-Ovqat RetseptlariTests */,
				30657A782C51065B007A1320 /* Oziq-Ovqat RetseptlariUITests */,
			);
		};
/* End PBXProject section */

/* Begin PBXResourcesBuildPhase section */
		30657A572C51065A007A1320 /* Resources */ = {
			isa = PBXResourcesBuildPhase;
			buildActionMask = 2147483647;
			files = (
				30657A662C51065B007A1320 /* Assets.xcassets in Resources */,
				30657A692C51065B007A1320 /* Base in Resources */,
				30657A642C51065A007A1320 /* Base in Resources */,
			);
			runOnlyForDeploymentPostprocessing = 0;
		};
		30657A6D2C51065B007A1320 /* Resources */ = {
			isa = PBXResourcesBuildPhase;
			buildActionMask = 2147483647;
			files = (
			);
			runOnlyForDeploymentPostprocessing = 0;
		};
		30657A772C51065B007A1320 /* Resources */ = {
			isa = PBXResourcesBuildPhase;
			buildActionMask = 2147483647;
			files = (
			);
			runOnlyForDeploymentPostprocessing = 0;
		};
/* End PBXResourcesBuildPhase section */

/* Begin PBXSourcesBuildPhase section */
		30657A552C51065A007A1320 /* Sources */ = {
			isa = PBXSourcesBuildPhase;
			buildActionMask = 2147483647;
			files = (
				30657A612C51065A007A1320 /* ViewController.swift in Sources */,
				30657A5D2C51065A007A1320 /* AppDelegate.swift in Sources */,
				30657A5F2C51065A007A1320 /* SceneDelegate.swift in Sources */,
			);
			runOnlyForDeploymentPostprocessing = 0;
		};
		30657A6B2C51065B007A1320 /* Sources */ = {
			isa = PBXSourcesBuildPhase;
			buildActionMask = 2147483647;
			files = (
				30657A742C51065B007A1320 /* Oziq_Ovqat_RetseptlariTests.swift in Sources */,
			);
			runOnlyForDeploymentPostprocessing = 0;
		};
		30657A752C51065B007A1320 /* Sources */ = {
			isa = PBXSourcesBuildPhase;
			buildActionMask = 2147483647;
			files = (
				30657A7E2C51065B007A1320 /* Oziq_Ovqat_RetseptlariUITests.swift in Sources */,
				30657A802C51065B007A1320 /* Oziq_Ovqat_RetseptlariUITestsLaunchTests.swift in Sources */,
			);
			runOnlyForDeploymentPostprocessing = 0;
		};
/* End PBXSourcesBuildPhase section */

/* Begin PBXTargetDependency section */
		30657A712C51065B007A1320 /* PBXTargetDependency */ = {
			isa = PBXTargetDependency;
			target = 30657A582C51065A007A1320 /* Oziq-Ovqat Retseptlari */;
			targetProxy = 30657A702C51065B007A1320 /* PBXContainerItemProxy */;
		};
		30657A7B2C51065B007A1320 /* PBXTargetDependency */ = {
			isa = PBXTargetDependency;
			target = 30657A582C51065A007A1320 /* Oziq-Ovqat Retseptlari */;
			targetProxy = 30657A7A2C51065B007A1320 /* PBXContainerItemProxy */;
		};
/* End PBXTargetDependency section */

/* Begin PBXVariantGroup section */
		30657A622C51065A007A1320 /* Main.storyboard */ = {
			isa = PBXVariantGroup;
			children = (
				30657A632C51065A007A1320 /* Base */,
			);
			name = Main.storyboard;
			sourceTree = "<group>";
		};
		30657A672C51065B007A1320 /* LaunchScreen.storyboard */ = {
			isa = PBXVariantGroup;
			children = (
				30657A682C51065B007A1320 /* Base */,
			);
			name = LaunchScreen.storyboard;
			sourceTree = "<group>";
		};
/* End PBXVariantGroup section */

/* Begin XCBuildConfiguration section */
		30657A812C51065B007A1320 /* Debug */ = {
			isa = XCBuildConfiguration;
			buildSettings = {
				ALWAYS_SEARCH_USER_PATHS = NO;
				ASSETCATALOG_COMPILER_GENERATE_SWIFT_ASSET_SYMBOL_EXTENSIONS = YES;
				CLANG_ANALYZER_NONNULL = YES;
				CLANG_ANALYZER_NUMBER_OBJECT_CONVERSION = YES_AGGRESSIVE;
				CLANG_CXX_LANGUAGE_STANDARD = "gnu++20";
				CLANG_ENABLE_MODULES = YES;
				CLANG_ENABLE_OBJC_ARC = YES;
				CLANG_ENABLE_OBJC_WEAK = YES;
				CLANG_WARN_BLOCK_CAPTURE_AUTORELEASING = YES;
				CLANG_WARN_BOOL_CONVERSION = YES;
				CLANG_WARN_COMMA = YES;
				CLANG_WARN_CONSTANT_CONVERSION = YES;
				CLANG_WARN_DEPRECATED_OBJC_IMPLEMENTATIONS = YES;
				CLANG_WARN_DIRECT_OBJC_ISA_USAGE = YES_ERROR;
				CLANG_WARN_DOCUMENTATION_COMMENTS = YES;
				CLANG_WARN_EMPTY_BODY = YES;
				CLANG_WARN_ENUM_CONVERSION = YES;
				CLANG_WARN_INFINITE_RECURSION = YES;
				CLANG_WARN_INT_CONVERSION = YES;
				CLANG_WARN_NON_LITERAL_NULL_CONVERSION = YES;
				CLANG_WARN_OBJC_IMPLICIT_RETAIN_SELF = YES;
				CLANG_WARN_OBJC_LITERAL_CONVERSION = YES;
				CLANG_WARN_OBJC_ROOT_CLASS = YES_ERROR;
				CLANG_WARN_QUOTED_INCLUDE_IN_FRAMEWORK_HEADER = YES;
				CLANG_WARN_RANGE_LOOP_ANALYSIS = YES;
				CLANG_WARN_STRICT_PROTOTYPES = YES;
				CLANG_WARN_SUSPICIOUS_MOVE = YES;
				CLANG_WARN_UNGUARDED_AVAILABILITY = YES_AGGRESSIVE;
				CLANG_WARN_UNREACHABLE_CODE = YES;
				CLANG_WARN__DUPLICATE_METHOD_MATCH = YES;
				COPY_PHASE_STRIP = NO;
				DEBUG_INFORMATION_FORMAT = dwarf;
				ENABLE_STRICT_OBJC_MSGSEND = YES;
				ENABLE_TESTABILITY = YES;
				ENABLE_USER_SCRIPT_SANDBOXING = YES;
				GCC_C_LANGUAGE_STANDARD = gnu17;
				GCC_DYNAMIC_NO_PIC = NO;
				GCC_NO_COMMON_BLOCKS = YES;
				GCC_OPTIMIZATION_LEVEL = 0;
				GCC_PREPROCESSOR_DEFINITIONS = (
					"DEBUG=1",
					"$(inherited)",
				);
				GCC_WARN_64_TO_32_BIT_CONVERSION = YES;
				GCC_WARN_ABOUT_RETURN_TYPE = YES_ERROR;
				GCC_WARN_UNDECLARED_SELECTOR = YES;
				GCC_WARN_UNINITIALIZED_AUTOS = YES_AGGRESSIVE;
				GCC_WARN_UNUSED_FUNCTION = YES;
				GCC_WARN_UNUSED_VARIABLE = YES;
				IPHONEOS_DEPLOYMENT_TARGET = 17.5;
				LOCALIZATION_PREFERS_STRING_CATALOGS = YES;
				MTL_ENABLE_DEBUG_INFO = INCLUDE_SOURCE;
				MTL_FAST_MATH = YES;
				ONLY_ACTIVE_ARCH = YES;
				SDKROOT = iphoneos;
				SWIFT_ACTIVE_COMPILATION_CONDITIONS = "DEBUG $(inherited)";
				SWIFT_OPTIMIZATION_LEVEL = "-Onone";
			};
			name = Debug;
		};
		30657A822C51065B007A1320 /* Release */ = {
			isa = XCBuildConfiguration;
			buildSettings = {
				ALWAYS_SEARCH_USER_PATHS = NO;
				ASSETCATALOG_COMPILER_GENERATE_SWIFT_ASSET_SYMBOL_EXTENSIONS = YES;
				CLANG_ANALYZER_NONNULL = YES;
				CLANG_ANALYZER_NUMBER_OBJECT_CONVERSION = YES_AGGRESSIVE;
				CLANG_CXX_LANGUAGE_STANDARD = "gnu++20";
				CLANG_ENABLE_MODULES = YES;
				CLANG_ENABLE_OBJC_ARC = YES;
				CLANG_ENABLE_OBJC_WEAK = YES;
				CLANG_WARN_BLOCK_CAPTURE_AUTORELEASING = YES;
				CLANG_WARN_BOOL_CONVERSION = YES;
				CLANG_WARN_COMMA = YES;
				CLANG_WARN_CONSTANT_CONVERSION = YES;
				CLANG_WARN_DEPRECATED_OBJC_IMPLEMENTATIONS = YES;
				CLANG_WARN_DIRECT_OBJC_ISA_USAGE = YES_ERROR;
				CLANG_WARN_DOCUMENTATION_COMMENTS = YES;
				CLANG_WARN_EMPTY_BODY = YES;
				CLANG_WARN_ENUM_CONVERSION = YES;
				CLANG_WARN_INFINITE_RECURSION = YES;
				CLANG_WARN_INT_CONVERSION = YES;
				CLANG_WARN_NON_LITERAL_NULL_CONVERSION = YES;
				CLANG_WARN_OBJC_IMPLICIT_RETAIN_SELF = YES;
				CLANG_WARN_OBJC_LITERAL_CONVERSION = YES;
				CLANG_WARN_OBJC_ROOT_CLASS = YES_ERROR;
				CLANG_WARN_QUOTED_INCLUDE_IN_FRAMEWORK_HEADER = YES;
				CLANG_WARN_RANGE_LOOP_ANALYSIS = YES;
				CLANG_WARN_STRICT_PROTOTYPES = YES;
				CLANG_WARN_SUSPICIOUS_MOVE = YES;
				CLANG_WARN_UNGUARDED_AVAILABILITY = YES_AGGRESSIVE;
				CLANG_WARN_UNREACHABLE_CODE = YES;
				CLANG_WARN__DUPLICATE_METHOD_MATCH = YES;
				COPY_PHASE_STRIP = NO;
				DEBUG_INFORMATION_FORMAT = "dwarf-with-dsym";
				ENABLE_NS_ASSERTIONS = NO;
				ENABLE_STRICT_OBJC_MSGSEND = YES;
				ENABLE_USER_SCRIPT_SANDBOXING = YES;
				GCC_C_LANGUAGE_STANDARD = gnu17;
				GCC_NO_COMMON_BLOCKS = YES;
				GCC_WARN_64_TO_32_BIT_CONVERSION = YES;
				GCC_WARN_ABOUT_RETURN_TYPE = YES_ERROR;
				GCC_WARN_UNDECLARED_SELECTOR = YES;
				GCC_WARN_UNINITIALIZED_AUTOS = YES_AGGRESSIVE;
				GCC_WARN_UNUSED_FUNCTION = YES;
				GCC_WARN_UNUSED_VARIABLE = YES;
				IPHONEOS_DEPLOYMENT_TARGET = 17.5;
				LOCALIZATION_PREFERS_STRING_CATALOGS = YES;
				MTL_ENABLE_DEBUG_INFO = NO;
				MTL_FAST_MATH = YES;
				SDKROOT = iphoneos;
				SWIFT_COMPILATION_MODE = wholemodule;
				VALIDATE_PRODUCT = YES;
			};
			name = Release;
		};
		30657A842C51065C007A1320 /* Debug */ = {
			isa = XCBuildConfiguration;
			buildSettings = {
				ASSETCATALOG_COMPILER_APPICON_NAME = AppIcon;
				ASSETCATALOG_COMPILER_GLOBAL_ACCENT_COLOR_NAME = AccentColor;
				CODE_SIGN_STYLE = Automatic;
				CURRENT_PROJECT_VERSION = 1;
				DEVELOPMENT_TEAM = Q62DRQKB69;
				GENERATE_INFOPLIST_FILE = YES;
				INFOPLIST_FILE = "Oziq-Ovqat Retseptlari/Info.plist";
				INFOPLIST_KEY_UIApplicationSupportsIndirectInputEvents = YES;
				INFOPLIST_KEY_UILaunchStoryboardName = LaunchScreen;
				INFOPLIST_KEY_UIMainStoryboardFile = Main;
				INFOPLIST_KEY_UISupportedInterfaceOrientations_iPad = "UIInterfaceOrientationPortrait UIInterfaceOrientationPortraitUpsideDown UIInterfaceOrientationLandscapeLeft UIInterfaceOrientationLandscapeRight";
				INFOPLIST_KEY_UISupportedInterfaceOrientations_iPhone = "UIInterfaceOrientationPortrait UIInterfaceOrientationLandscapeLeft UIInterfaceOrientationLandscapeRight";
				LD_RUNPATH_SEARCH_PATHS = (
					"$(inherited)",
					"@executable_path/Frameworks",
				);
				MARKETING_VERSION = 1.0;
				PRODUCT_BUNDLE_IDENTIFIER = "qudratsafarov.com.Oziq-Ovqat-Retseptlari";
				PRODUCT_NAME = "$(TARGET_NAME)";
				SWIFT_EMIT_LOC_STRINGS = YES;
				SWIFT_VERSION = 5.0;
				TARGETED_DEVICE_FAMILY = "1,2";
			};
			name = Debug;
		};
		30657A852C51065C007A1320 /* Release */ = {
			isa = XCBuildConfiguration;
			buildSettings = {
				ASSETCATALOG_COMPILER_APPICON_NAME = AppIcon;
				ASSETCATALOG_COMPILER_GLOBAL_ACCENT_COLOR_NAME = AccentColor;
				CODE_SIGN_STYLE = Automatic;
				CURRENT_PROJECT_VERSION = 1;
				DEVELOPMENT_TEAM = Q62DRQKB69;
				GENERATE_INFOPLIST_FILE = YES;
				INFOPLIST_FILE = "Oziq-Ovqat Retseptlari/Info.plist";
				INFOPLIST_KEY_UIApplicationSupportsIndirectInputEvents = YES;
				INFOPLIST_KEY_UILaunchStoryboardName = LaunchScreen;
				INFOPLIST_KEY_UIMainStoryboardFile = Main;
				INFOPLIST_KEY_UISupportedInterfaceOrientations_iPad = "UIInterfaceOrientationPortrait UIInterfaceOrientationPortraitUpsideDown UIInterfaceOrientationLandscapeLeft UIInterfaceOrientationLandscapeRight";
				INFOPLIST_KEY_UISupportedInterfaceOrientations_iPhone = "UIInterfaceOrientationPortrait UIInterfaceOrientationLandscapeLeft UIInterfaceOrientationLandscapeRight";
				LD_RUNPATH_SEARCH_PATHS = (
					"$(inherited)",
					"@executable_path/Frameworks",
				);
				MARKETING_VERSION = 1.0;
				PRODUCT_BUNDLE_IDENTIFIER = "qudratsafarov.com.Oziq-Ovqat-Retseptlari";
				PRODUCT_NAME = "$(TARGET_NAME)";
				SWIFT_EMIT_LOC_STRINGS = YES;
				SWIFT_VERSION = 5.0;
				TARGETED_DEVICE_FAMILY = "1,2";
			};
			name = Release;
		};
		30657A872C51065C007A1320 /* Debug */ = {
			isa = XCBuildConfiguration;
			buildSettings = {
				ALWAYS_EMBED_SWIFT_STANDARD_LIBRARIES = YES;
				BUNDLE_LOADER = "$(TEST_HOST)";
				CODE_SIGN_STYLE = Automatic;
				CURRENT_PROJECT_VERSION = 1;
				DEVELOPMENT_TEAM = Q62DRQKB69;
				GENERATE_INFOPLIST_FILE = YES;
				IPHONEOS_DEPLOYMENT_TARGET = 17.5;
				MARKETING_VERSION = 1.0;
				PRODUCT_BUNDLE_IDENTIFIER = "qudratsafarov.com.Oziq-Ovqat-RetseptlariTests";
				PRODUCT_NAME = "$(TARGET_NAME)";
				SWIFT_EMIT_LOC_STRINGS = NO;
				SWIFT_VERSION = 5.0;
				TARGETED_DEVICE_FAMILY = "1,2";
				TEST_HOST = "$(BUILT_PRODUCTS_DIR)/Oziq-Ovqat Retseptlari.app/$(BUNDLE_EXECUTABLE_FOLDER_PATH)/Oziq-Ovqat Retseptlari";
			};
			name = Debug;
		};
		30657A882C51065C007A1320 /* Release */ = {
			isa = XCBuildConfiguration;
			buildSettings = {
				ALWAYS_EMBED_SWIFT_STANDARD_LIBRARIES = YES;
				BUNDLE_LOADER = "$(TEST_HOST)";
				CODE_SIGN_STYLE = Automatic;
				CURRENT_PROJECT_VERSION = 1;
				DEVELOPMENT_TEAM = Q62DRQKB69;
				GENERATE_INFOPLIST_FILE = YES;
				IPHONEOS_DEPLOYMENT_TARGET = 17.5;
				MARKETING_VERSION = 1.0;
				PRODUCT_BUNDLE_IDENTIFIER = "qudratsafarov.com.Oziq-Ovqat-RetseptlariTests";
				PRODUCT_NAME = "$(TARGET_NAME)";
				SWIFT_EMIT_LOC_STRINGS = NO;
				SWIFT_VERSION = 5.0;
				TARGETED_DEVICE_FAMILY = "1,2";
				TEST_HOST = "$(BUILT_PRODUCTS_DIR)/Oziq-Ovqat Retseptlari.app/$(BUNDLE_EXECUTABLE_FOLDER_PATH)/Oziq-Ovqat Retseptlari";
			};
			name = Release;
		};
		30657A8A2C51065C007A1320 /* Debug */ = {
			isa = XCBuildConfiguration;
			buildSettings = {
				ALWAYS_EMBED_SWIFT_STANDARD_LIBRARIES = YES;
				CODE_SIGN_STYLE = Automatic;
				CURRENT_PROJECT_VERSION = 1;
				DEVELOPMENT_TEAM = Q62DRQKB69;
				GENERATE_INFOPLIST_FILE = YES;
				MARKETING_VERSION = 1.0;
				PRODUCT_BUNDLE_IDENTIFIER = "qudratsafarov.com.Oziq-Ovqat-RetseptlariUITests";
				PRODUCT_NAME = "$(TARGET_NAME)";
				SWIFT_EMIT_LOC_STRINGS = NO;
				SWIFT_VERSION = 5.0;
				TARGETED_DEVICE_FAMILY = "1,2";
				TEST_TARGET_NAME = "Oziq-Ovqat Retseptlari";
			};
			name = Debug;
		};
		30657A8B2C51065C007A1320 /* Release */ = {
			isa = XCBuildConfiguration;
			buildSettings = {
				ALWAYS_EMBED_SWIFT_STANDARD_LIBRARIES = YES;
				CODE_SIGN_STYLE = Automatic;
				CURRENT_PROJECT_VERSION = 1;
				DEVELOPMENT_TEAM = Q62DRQKB69;
				GENERATE_INFOPLIST_FILE = YES;
				MARKETING_VERSION = 1.0;
				PRODUCT_BUNDLE_IDENTIFIER = "qudratsafarov.com.Oziq-Ovqat-RetseptlariUITests";
				PRODUCT_NAME = "$(TARGET_NAME)";
				SWIFT_EMIT_LOC_STRINGS = NO;
				SWIFT_VERSION = 5.0;
				TARGETED_DEVICE_FAMILY = "1,2";
				TEST_TARGET_NAME = "Oziq-Ovqat Retseptlari";
			};
			name = Release;
		};
/* End XCBuildConfiguration section */

/* Begin XCConfigurationList section */
		30657A542C51065A007A1320 /* Build configuration list for PBXProject "Oziq-Ovqat Retseptlari" */ = {
			isa = XCConfigurationList;
			buildConfigurations = (
				30657A812C51065B007A1320 /* Debug */,
				30657A822C51065B007A1320 /* Release */,
			);
			defaultConfigurationIsVisible = 0;
			defaultConfigurationName = Release;
		};
		30657A832C51065C007A1320 /* Build configuration list for PBXNativeTarget "Oziq-Ovqat Retseptlari" */ = {
			isa = XCConfigurationList;
			buildConfigurations = (
				30657A842C51065C007A1320 /* Debug */,
				30657A852C51065C007A1320 /* Release */,
			);
			defaultConfigurationIsVisible = 0;
			defaultConfigurationName = Release;
		};
		30657A862C51065C007A1320 /* Build configuration list for PBXNativeTarget "Oziq-Ovqat RetseptlariTests" */ = {
			isa = XCConfigurationList;
			buildConfigurations = (
				30657A872C51065C007A1320 /* Debug */,
				30657A882C51065C007A1320 /* Release */,
			);
			defaultConfigurationIsVisible = 0;
			defaultConfigurationName = Release;
		};
		30657A892C51065C007A1320 /* Build configuration list for PBXNativeTarget "Oziq-Ovqat RetseptlariUITests" */ = {
			isa = XCConfigurationList;
			buildConfigurations = (
				30657A8A2C51065C007A1320 /* Debug */,
				30657A8B2C51065C007A1320 /* Release */,
			);
			defaultConfigurationIsVisible = 0;
			defaultConfigurationName = Release;
		};
/* End XCConfigurationList section */
	};
	rootObject = 30657A512C51065A007A1320 /* Project object */;
}
